
Microsoft Visual Studio Solution File, Format Version 12.00
# Visual Studio 14
VisualStudioVersion = 14.0.25420.1
MinimumVisualStudioVersion = 10.0.40219.1
Project("{FAE04EC0-301F-11D3-BF4B-00C04F79EFBC}") = "hw_01_SayHello", "hw_01_SayHello\hw_01_SayHello.csproj", "{E48A2EF4-3E10-485D-AC48-8D2AA830E3F4}"
EndProject
Project("{FAE04EC0-301F-11D3-BF4B-00C04F79EFBC}") = "hw_02_GetLargestNumber", "hw_02_GetLargestNumber\hw_02_GetLargestNumber.csproj", "{7DB6D053-7E56-4E15-9FA9-BEF87787DF3E}"
EndProject
Project("{FAE04EC0-301F-11D3-BF4B-00C04F79EFBC}") = "hw_03_EnglishDigit", "hw_03_EnglishDigit\hw_03_EnglishDigit.csproj", "{95D35240-4433-4FF6-ADBB-66519158C54E}"
EndProject
Project("{FAE04EC0-301F-11D3-BF4B-00C04F79EFBC}") = "hw_04_AppearanceCount", "hw_04_AppearanceCount\hw_04_AppearanceCount.csproj", "{7B7F1C27-8C77-4B54-AFD0-65319EEB08C7}"
EndProject
Project("{FAE04EC0-301F-11D3-BF4B-00C04F79EFBC}") = "hw_05_LargerThanNeighbours", "hw_05_LargerThanNeighbours\hw_05_LargerThanNeighbours.csproj", "{D2CBBC47-7AD2-4992-938B-72A1DEE88E13}"
EndProject
Project("{FAE04EC0-301F-11D3-BF4B-00C04F79EFBC}") = "hw_06_FirstLargerThanNeighbours", "hw_06_FirstLargerThanNeighbours\hw_06_FirstLargerThanNeighbours.csproj", "{36EE6A5B-1048-411C-98FA-DE906A80CA70}"
EndProject
Project("{FAE04EC0-301F-11D3-BF4B-00C04F79EFBC}") = "hw_07_ReverseNumber", "hw_07_ReverseNumber\hw_07_ReverseNumber.csproj", "{77BF96B3-C171-4291-9FF1-1516C6288A9D}"
EndProject
Project("{FAE04EC0-301F-11D3-BF4B-00C04F79EFBC}") = "hw_08_NumberAsArray", "hw_08_NumberAsArray\hw_08_NumberAsArray.csproj", "{C141AA8A-AEE6-47B8-BF0C-E3E99ED21BC7}"
EndProject
Project("{FAE04EC0-301F-11D3-BF4B-00C04F79EFBC}") = "hw_09_SortingArray", "hw_09_SortingArray\hw_09_SortingArray.csproj", "{3C152CCB-656F-4C60-9418-99E2FC61B858}"
EndProject
Project("{FAE04EC0-301F-11D3-BF4B-00C04F79EFBC}") = "hw_10_nFactorial", "hw_10_nFactorial\hw_10_nFactorial.csproj", "{14232807-1750-4181-B700-D1C26BE2F3E0}"
EndProject
Project("{FAE04EC0-301F-11D3-BF4B-00C04F79EFBC}") = "hw_11_AddingPolynominals", "hw_11_AddingPolynominals\hw_11_AddingPolynominals.csproj", "{E8BEA7EF-742A-4148-B54A-334A4ABA6CE1}"
EndProject
Global
	GlobalSection(SolutionConfigurationPlatforms) = preSolution
		Debug|Any CPU = Debug|Any CPU
		Release|Any CPU = Release|Any CPU
	EndGlobalSection
	GlobalSection(ProjectConfigurationPlatforms) = postSolution
		{E48A2EF4-3E10-485D-AC48-8D2AA830E3F4}.Debug|Any CPU.ActiveCfg = Debug|Any CPU
		{E48A2EF4-3E10-485D-AC48-8D2AA830E3F4}.Debug|Any CPU.Build.0 = Debug|Any CPU
		{E48A2EF4-3E10-485D-AC48-8D2AA830E3F4}.Release|Any CPU.ActiveCfg = Release|Any CPU
		{E48A2EF4-3E10-485D-AC48-8D2AA830E3F4}.Release|Any CPU.Build.0 = Release|Any CPU
		{7DB6D053-7E56-4E15-9FA9-BEF87787DF3E}.Debug|Any CPU.ActiveCfg = Debug|Any CPU
		{7DB6D053-7E56-4E15-9FA9-BEF87787DF3E}.Debug|Any CPU.Build.0 = Debug|Any CPU
		{7DB6D053-7E56-4E15-9FA9-BEF87787DF3E}.Release|Any CPU.ActiveCfg = Release|Any CPU
		{7DB6D053-7E56-4E15-9FA9-BEF87787DF3E}.Release|Any CPU.Build.0 = Release|Any CPU
		{95D35240-4433-4FF6-ADBB-66519158C54E}.Debug|Any CPU.ActiveCfg = Debug|Any CPU
		{95D35240-4433-4FF6-ADBB-66519158C54E}.Debug|Any CPU.Build.0 = Debug|Any CPU
		{95D35240-4433-4FF6-ADBB-66519158C54E}.Release|Any CPU.ActiveCfg = Release|Any CPU
		{95D35240-4433-4FF6-ADBB-66519158C54E}.Release|Any CPU.Build.0 = Release|Any CPU
		{7B7F1C27-8C77-4B54-AFD0-65319EEB08C7}.Debug|Any CPU.ActiveCfg = Debug|Any CPU
		{7B7F1C27-8C77-4B54-AFD0-65319EEB08C7}.Debug|Any CPU.Build.0 = Debug|Any CPU
		{7B7F1C27-8C77-4B54-AFD0-65319EEB08C7}.Release|Any CPU.ActiveCfg = Release|Any CPU
		{7B7F1C27-8C77-4B54-AFD0-65319EEB08C7}.Release|Any CPU.Build.0 = Release|Any CPU
		{D2CBBC47-7AD2-4992-938B-72A1DEE88E13}.Debug|Any CPU.ActiveCfg = Debug|Any CPU
		{D2CBBC47-7AD2-4992-938B-72A1DEE88E13}.Debug|Any CPU.Build.0 = Debug|Any CPU
		{D2CBBC47-7AD2-4992-938B-72A1DEE88E13}.Release|Any CPU.ActiveCfg = Release|Any CPU
		{D2CBBC47-7AD2-4992-938B-72A1DEE88E13}.Release|Any CPU.Build.0 = Release|Any CPU
		{36EE6A5B-1048-411C-98FA-DE906A80CA70}.Debug|Any CPU.ActiveCfg = Debug|Any CPU
		{36EE6A5B-1048-411C-98FA-DE906A80CA70}.Debug|Any CPU.Build.0 = Debug|Any CPU
		{36EE6A5B-1048-411C-98FA-DE906A80CA70}.Release|Any CPU.ActiveCfg = Release|Any CPU
		{36EE6A5B-1048-411C-98FA-DE906A80CA70}.Release|Any CPU.Build.0 = Release|Any CPU
		{77BF96B3-C171-4291-9FF1-1516C6288A9D}.Debug|Any CPU.ActiveCfg = Debug|Any CPU
		{77BF96B3-C171-4291-9FF1-1516C6288A9D}.Debug|Any CPU.Build.0 = Debug|Any CPU
		{77BF96B3-C171-4291-9FF1-1516C6288A9D}.Release|Any CPU.ActiveCfg = Release|Any CPU
		{77BF96B3-C171-4291-9FF1-1516C6288A9D}.Release|Any CPU.Build.0 = Release|Any CPU
		{C141AA8A-AEE6-47B8-BF0C-E3E99ED21BC7}.Debug|Any CPU.ActiveCfg = Debug|Any CPU
		{C141AA8A-AEE6-47B8-BF0C-E3E99ED21BC7}.Debug|Any CPU.Build.0 = Debug|Any CPU
		{C141AA8A-AEE6-47B8-BF0C-E3E99ED21BC7}.Release|Any CPU.ActiveCfg = Release|Any CPU
		{C141AA8A-AEE6-47B8-BF0C-E3E99ED21BC7}.Release|Any CPU.Build.0 = Release|Any CPU
		{3C152CCB-656F-4C60-9418-99E2FC61B858}.Debug|Any CPU.ActiveCfg = Debug|Any CPU
		{3C152CCB-656F-4C60-9418-99E2FC61B858}.Debug|Any CPU.Build.0 = Debug|Any CPU
		{3C152CCB-656F-4C60-9418-99E2FC61B858}.Release|Any CPU.ActiveCfg = Release|Any CPU
		{3C152CCB-656F-4C60-9418-99E2FC61B858}.Release|Any CPU.Build.0 = Release|Any CPU
		{14232807-1750-4181-B700-D1C26BE2F3E0}.Debug|Any CPU.ActiveCfg = Debug|Any CPU
		{14232807-1750-4181-B700-D1C26BE2F3E0}.Debug|Any CPU.Build.0 = Debug|Any CPU
		{14232807-1750-4181-B700-D1C26BE2F3E0}.Release|Any CPU.ActiveCfg = Release|Any CPU
		{14232807-1750-4181-B700-D1C26BE2F3E0}.Release|Any CPU.Build.0 = Release|Any CPU
		{E8BEA7EF-742A-4148-B54A-334A4ABA6CE1}.Debug|Any CPU.ActiveCfg = Debug|Any CPU
		{E8BEA7EF-742A-4148-B54A-334A4ABA6CE1}.Debug|Any CPU.Build.0 = Debug|Any CPU
		{E8BEA7EF-742A-4148-B54A-334A4ABA6CE1}.Release|Any CPU.ActiveCfg = Release|Any CPU
		{E8BEA7EF-742A-4148-B54A-334A4ABA6CE1}.Release|Any CPU.Build.0 = Release|Any CPU
	EndGlobalSection
	GlobalSection(SolutionProperties) = preSolution
		HideSolutionNode = FALSE
	EndGlobalSection
	GlobalSection(ExtensibilityGlobals) = postSolution
		SolutionGuid = {5C9159FC-9940-4C3E-88E2-BF3C75001F72}
	EndGlobalSection
EndGlobal
