
Microsoft Visual Studio Solution File, Format Version 12.00
# Visual Studio 14
VisualStudioVersion = 14.0.25420.1
MinimumVisualStudioVersion = 10.0.40219.1
Project("{FAE04EC0-301F-11D3-BF4B-00C04F79EFBC}") = "Kitty", "Kitty\Kitty.csproj", "{F5EA9C38-0BAB-4448-9D71-DB2059EF53E7}"
EndProject
Project("{FAE04EC0-301F-11D3-BF4B-00C04F79EFBC}") = "BitShiftMatrix", "BitShiftMatrix\BitShiftMatrix.csproj", "{B7CFACBE-2E45-4AD0-95BC-3BEE37E9D349}"
EndProject
Global
	GlobalSection(SolutionConfigurationPlatforms) = preSolution
		Debug|Any CPU = Debug|Any CPU
		Release|Any CPU = Release|Any CPU
	EndGlobalSection
	GlobalSection(ProjectConfigurationPlatforms) = postSolution
		{F5EA9C38-0BAB-4448-9D71-DB2059EF53E7}.Debug|Any CPU.ActiveCfg = Debug|Any CPU
		{F5EA9C38-0BAB-4448-9D71-DB2059EF53E7}.Debug|Any CPU.Build.0 = Debug|Any CPU
		{F5EA9C38-0BAB-4448-9D71-DB2059EF53E7}.Release|Any CPU.ActiveCfg = Release|Any CPU
		{F5EA9C38-0BAB-4448-9D71-DB2059EF53E7}.Release|Any CPU.Build.0 = Release|Any CPU
		{B7CFACBE-2E45-4AD0-95BC-3BEE37E9D349}.Debug|Any CPU.ActiveCfg = Debug|Any CPU
		{B7CFACBE-2E45-4AD0-95BC-3BEE37E9D349}.Debug|Any CPU.Build.0 = Debug|Any CPU
		{B7CFACBE-2E45-4AD0-95BC-3BEE37E9D349}.Release|Any CPU.ActiveCfg = Release|Any CPU
		{B7CFACBE-2E45-4AD0-95BC-3BEE37E9D349}.Release|Any CPU.Build.0 = Release|Any CPU
	EndGlobalSection
	GlobalSection(SolutionProperties) = preSolution
		HideSolutionNode = FALSE
	EndGlobalSection
	GlobalSection(ExtensibilityGlobals) = postSolution
		SolutionGuid = {375DBA2D-E2DE-4806-AA48-E8EC4517E608}
	EndGlobalSection
EndGlobal
