
Microsoft Visual Studio Solution File, Format Version 12.00
# Visual Studio 15
VisualStudioVersion = 15.0.27130.2020
MinimumVisualStudioVersion = 10.0.40219.1
Project("{FAE04EC0-301F-11D3-BF4B-00C04F79EFBC}") = "BinarySearchImplemetation", "BinarySearchImplemetation\BinarySearchImplemetation.csproj", "{235B8C6F-494E-40D8-BE62-21809CB103DA}"
EndProject
Project("{FAE04EC0-301F-11D3-BF4B-00C04F79EFBC}") = "BackTrackInLabirynth", "BackTrackInLabirynth\BackTrackInLabirynth.csproj", "{EED7B32B-FAEB-4597-9352-F1F153B52D29}"
EndProject
Project("{FAE04EC0-301F-11D3-BF4B-00C04F79EFBC}") = "StringReverse", "StringReverse\StringReverse.csproj", "{4739D673-C85D-4D55-8186-6420AB4E57CF}"
EndProject
Project("{FAE04EC0-301F-11D3-BF4B-00C04F79EFBC}") = "FibonacchiWithMemorization", "FibonacchiWithoutMemorization\FibonacchiWithMemorization.csproj", "{54F91220-A390-4626-9356-8F9C37F8DF9F}"
EndProject
Global
	GlobalSection(SolutionConfigurationPlatforms) = preSolution
		Debug|Any CPU = Debug|Any CPU
		Release|Any CPU = Release|Any CPU
	EndGlobalSection
	GlobalSection(ProjectConfigurationPlatforms) = postSolution
		{235B8C6F-494E-40D8-BE62-21809CB103DA}.Debug|Any CPU.ActiveCfg = Debug|Any CPU
		{235B8C6F-494E-40D8-BE62-21809CB103DA}.Debug|Any CPU.Build.0 = Debug|Any CPU
		{235B8C6F-494E-40D8-BE62-21809CB103DA}.Release|Any CPU.ActiveCfg = Release|Any CPU
		{235B8C6F-494E-40D8-BE62-21809CB103DA}.Release|Any CPU.Build.0 = Release|Any CPU
		{EED7B32B-FAEB-4597-9352-F1F153B52D29}.Debug|Any CPU.ActiveCfg = Debug|Any CPU
		{EED7B32B-FAEB-4597-9352-F1F153B52D29}.Debug|Any CPU.Build.0 = Debug|Any CPU
		{EED7B32B-FAEB-4597-9352-F1F153B52D29}.Release|Any CPU.ActiveCfg = Release|Any CPU
		{EED7B32B-FAEB-4597-9352-F1F153B52D29}.Release|Any CPU.Build.0 = Release|Any CPU
		{4739D673-C85D-4D55-8186-6420AB4E57CF}.Debug|Any CPU.ActiveCfg = Debug|Any CPU
		{4739D673-C85D-4D55-8186-6420AB4E57CF}.Debug|Any CPU.Build.0 = Debug|Any CPU
		{4739D673-C85D-4D55-8186-6420AB4E57CF}.Release|Any CPU.ActiveCfg = Release|Any CPU
		{4739D673-C85D-4D55-8186-6420AB4E57CF}.Release|Any CPU.Build.0 = Release|Any CPU
		{54F91220-A390-4626-9356-8F9C37F8DF9F}.Debug|Any CPU.ActiveCfg = Debug|Any CPU
		{54F91220-A390-4626-9356-8F9C37F8DF9F}.Debug|Any CPU.Build.0 = Debug|Any CPU
		{54F91220-A390-4626-9356-8F9C37F8DF9F}.Release|Any CPU.ActiveCfg = Release|Any CPU
		{54F91220-A390-4626-9356-8F9C37F8DF9F}.Release|Any CPU.Build.0 = Release|Any CPU
	EndGlobalSection
	GlobalSection(SolutionProperties) = preSolution
		HideSolutionNode = FALSE
	EndGlobalSection
	GlobalSection(ExtensibilityGlobals) = postSolution
		SolutionGuid = {AC7E8209-DFE6-4DC5-8652-1EB54B4026BA}
	EndGlobalSection
EndGlobal
