
Microsoft Visual Studio Solution File, Format Version 12.00
# Visual Studio 15
VisualStudioVersion = 15.0.27428.2015
MinimumVisualStudioVersion = 10.0.40219.1
Project("{FAE04EC0-301F-11D3-BF4B-00C04F79EFBC}") = "JSONtests", "JSONtests\JSONtests.csproj", "{78A06617-8D37-42F9-B86F-A57F2964793B}"
EndProject
Global
	GlobalSection(SolutionConfigurationPlatforms) = preSolution
		Debug|Any CPU = Debug|Any CPU
		Release|Any CPU = Release|Any CPU
	EndGlobalSection
	GlobalSection(ProjectConfigurationPlatforms) = postSolution
		{78A06617-8D37-42F9-B86F-A57F2964793B}.Debug|Any CPU.ActiveCfg = Debug|Any CPU
		{78A06617-8D37-42F9-B86F-A57F2964793B}.Debug|Any CPU.Build.0 = Debug|Any CPU
		{78A06617-8D37-42F9-B86F-A57F2964793B}.Release|Any CPU.ActiveCfg = Release|Any CPU
		{78A06617-8D37-42F9-B86F-A57F2964793B}.Release|Any CPU.Build.0 = Release|Any CPU
	EndGlobalSection
	GlobalSection(SolutionProperties) = preSolution
		HideSolutionNode = FALSE
	EndGlobalSection
	GlobalSection(ExtensibilityGlobals) = postSolution
		SolutionGuid = {F86D360D-555F-4B5E-9576-4861604A4A3F}
	EndGlobalSection
EndGlobal
