
Microsoft Visual Studio Solution File, Format Version 12.00
# Visual Studio 15
VisualStudioVersion = 15.0.27130.2027
MinimumVisualStudioVersion = 10.0.40219.1
Project("{FAE04EC0-301F-11D3-BF4B-00C04F79EFBC}") = "Portals", "Portals4\Portals.csproj", "{C81AAFFC-4254-4B51-98D6-88DF849FFE98}"
EndProject
Global
	GlobalSection(SolutionConfigurationPlatforms) = preSolution
		Debug|Any CPU = Debug|Any CPU
		Release|Any CPU = Release|Any CPU
	EndGlobalSection
	GlobalSection(ProjectConfigurationPlatforms) = postSolution
		{C81AAFFC-4254-4B51-98D6-88DF849FFE98}.Debug|Any CPU.ActiveCfg = Debug|Any CPU
		{C81AAFFC-4254-4B51-98D6-88DF849FFE98}.Debug|Any CPU.Build.0 = Debug|Any CPU
		{C81AAFFC-4254-4B51-98D6-88DF849FFE98}.Release|Any CPU.ActiveCfg = Release|Any CPU
		{C81AAFFC-4254-4B51-98D6-88DF849FFE98}.Release|Any CPU.Build.0 = Release|Any CPU
	EndGlobalSection
	GlobalSection(SolutionProperties) = preSolution
		HideSolutionNode = FALSE
	EndGlobalSection
	GlobalSection(ExtensibilityGlobals) = postSolution
		SolutionGuid = {CC2F9E78-A334-4E52-81C1-3B2FF5381AB6}
	EndGlobalSection
EndGlobal
