
Microsoft Visual Studio Solution File, Format Version 12.00
# Visual Studio 15
VisualStudioVersion = 15.0.27130.2020
MinimumVisualStudioVersion = 10.0.40219.1
Project("{FAE04EC0-301F-11D3-BF4B-00C04F79EFBC}") = "Actions_Jiveto", "Actions_Jiveto\Actions_Jiveto.csproj", "{A927EDCB-D70A-450F-865D-52627B5163C5}"
EndProject
Project("{FAE04EC0-301F-11D3-BF4B-00C04F79EFBC}") = "LargestAreaInMatrix", "LargestAreaInMatrix\LargestAreaInMatrix.csproj", "{B4E0E7C1-86F3-44DC-BA80-1ED121DDE4FB}"
EndProject
Global
	GlobalSection(SolutionConfigurationPlatforms) = preSolution
		Debug|Any CPU = Debug|Any CPU
		Release|Any CPU = Release|Any CPU
	EndGlobalSection
	GlobalSection(ProjectConfigurationPlatforms) = postSolution
		{A927EDCB-D70A-450F-865D-52627B5163C5}.Debug|Any CPU.ActiveCfg = Debug|Any CPU
		{A927EDCB-D70A-450F-865D-52627B5163C5}.Debug|Any CPU.Build.0 = Debug|Any CPU
		{A927EDCB-D70A-450F-865D-52627B5163C5}.Release|Any CPU.ActiveCfg = Release|Any CPU
		{A927EDCB-D70A-450F-865D-52627B5163C5}.Release|Any CPU.Build.0 = Release|Any CPU
		{B4E0E7C1-86F3-44DC-BA80-1ED121DDE4FB}.Debug|Any CPU.ActiveCfg = Debug|Any CPU
		{B4E0E7C1-86F3-44DC-BA80-1ED121DDE4FB}.Debug|Any CPU.Build.0 = Debug|Any CPU
		{B4E0E7C1-86F3-44DC-BA80-1ED121DDE4FB}.Release|Any CPU.ActiveCfg = Release|Any CPU
		{B4E0E7C1-86F3-44DC-BA80-1ED121DDE4FB}.Release|Any CPU.Build.0 = Release|Any CPU
	EndGlobalSection
	GlobalSection(SolutionProperties) = preSolution
		HideSolutionNode = FALSE
	EndGlobalSection
	GlobalSection(ExtensibilityGlobals) = postSolution
		SolutionGuid = {8381AF9C-FE92-442E-B39D-9DF0ADD6B773}
	EndGlobalSection
EndGlobal
