
Microsoft Visual Studio Solution File, Format Version 12.00
# Visual Studio 15
VisualStudioVersion = 15.0.27130.2003
MinimumVisualStudioVersion = 10.0.40219.1
Project("{FAE04EC0-301F-11D3-BF4B-00C04F79EFBC}") = "GSMDemo", "GSMDemo\GSMDemo.csproj", "{FDD508E8-84AE-4C7B-BDB9-CA920CBA7823}"
EndProject
Global
	GlobalSection(SolutionConfigurationPlatforms) = preSolution
		Debug|Any CPU = Debug|Any CPU
		Release|Any CPU = Release|Any CPU
	EndGlobalSection
	GlobalSection(ProjectConfigurationPlatforms) = postSolution
		{FDD508E8-84AE-4C7B-BDB9-CA920CBA7823}.Debug|Any CPU.ActiveCfg = Debug|Any CPU
		{FDD508E8-84AE-4C7B-BDB9-CA920CBA7823}.Debug|Any CPU.Build.0 = Debug|Any CPU
		{FDD508E8-84AE-4C7B-BDB9-CA920CBA7823}.Release|Any CPU.ActiveCfg = Release|Any CPU
		{FDD508E8-84AE-4C7B-BDB9-CA920CBA7823}.Release|Any CPU.Build.0 = Release|Any CPU
	EndGlobalSection
	GlobalSection(SolutionProperties) = preSolution
		HideSolutionNode = FALSE
	EndGlobalSection
	GlobalSection(ExtensibilityGlobals) = postSolution
		SolutionGuid = {79EEA41C-FC72-4F2C-BB95-93B764358422}
	EndGlobalSection
EndGlobal
